// !$*UTF8*$!
{
	archiveVersion = 1;
	classes = {
	};
	objectVersion = 46;
	objects = {

/* Begin PBXBuildFile section */
		18A7A92B1E129F03008A2D98 /* IOKitTest.cpp in Sources */ = {isa = PBXBuildFile; fileRef = 18A7A9291E129F03008A2D98 /* IOKitTest.cpp */; };
		18A7A92C1E129F03008A2D98 /* IOKitTest.hpp in Headers */ = {isa = PBXBuildFile; fileRef = 18A7A92A1E129F03008A2D98 /* IOKitTest.hpp */; };
/* End PBXBuildFile section */

/* Begin PBXFileReference section */
		18A7A91C1E129E02008A2D98 /* IOKitTest.kext */ = {isa = PBXFileReference; explicitFileType = wrapper.cfbundle; includeInIndex = 0; path = IOKitTest.kext; sourceTree = BUILT_PRODUCTS_DIR; };
		18A7A9231E129E02008A2D98 /* Info.plist */ = {isa = PBXFileReference; lastKnownFileType = text.plist.xml; path = Info.plist; sourceTree = "<group>"; };
		18A7A9291E129F03008A2D98 /* IOKitTest.cpp */ = {isa = PBXFileReference; fileEncoding = 4; lastKnownFileType = sourcecode.cpp.cpp; path = IOKitTest.cpp; sourceTree = "<group>"; };
		18A7A92A1E129F03008A2D98 /* IOKitTest.hpp */ = {isa = PBXFileReference; fileEncoding = 4; lastKnownFileType = sourcecode.cpp.h; path = IOKitTest.hpp; sourceTree = "<group>"; };
/* End PBXFileReference section */

/* Begin PBXFrameworksBuildPhase section */
		18A7A9181E129E02008A2D98 /* Frameworks */ = {
			isa = PBXFrameworksBuildPhase;
			buildActionMask = 2147483647;
			files = (
			);
			runOnlyForDeploymentPostprocessing = 0;
		};
/* End PBXFrameworksBuildPhase section */

/* Begin PBXGroup section */
		18A7A9121E129E02008A2D98 = {
			isa = PBXGroup;
			children = (
				18A7A91E1E129E02008A2D98 /* IOKitTest */,
				18A7A91D1E129E02008A2D98 /* Products */,
			);
			sourceTree = "<group>";
		};
		18A7A91D1E129E02008A2D98 /* Products */ = {
			isa = PBXGroup;
			children = (
				18A7A91C1E129E02008A2D98 /* IOKitTest.kext */,
			);
			name = Products;
			sourceTree = "<group>";
		};
		18A7A91E1E129E02008A2D98 /* IOKitTest */ = {
			isa = PBXGroup;
			children = (
				18A7A9231E129E02008A2D98 /* Info.plist */,
				18A7A9291E129F03008A2D98 /* IOKitTest.cpp */,
				18A7A92A1E129F03008A2D98 /* IOKitTest.hpp */,
			);
			path = IOKitTest;
			sourceTree = "<group>";
		};
/* End PBXGroup section */

/* Begin PBXHeadersBuildPhase section */
		18A7A9191E129E02008A2D98 /* Headers */ = {
			isa = PBXHeadersBuildPhase;
			buildActionMask = 2147483647;
			files = (
				18A7A92C1E129F03008A2D98 /* IOKitTest.hpp in Headers */,
			);
			runOnlyForDeploymentPostprocessing = 0;
		};
/* End PBXHeadersBuildPhase section */

/* Begin PBXNativeTarget section */
		18A7A91B1E129E02008A2D98 /* IOKitTest */ = {
			isa = PBXNativeTarget;
			buildConfigurationList = 18A7A9261E129E02008A2D98 /* Build configuration list for PBXNativeTarget "IOKitTest" */;
			buildPhases = (
				18A7A9171E129E02008A2D98 /* Sources */,
				18A7A9181E129E02008A2D98 /* Frameworks */,
				18A7A9191E129E02008A2D98 /* Headers */,
				18A7A91A1E129E02008A2D98 /* Resources */,
			);
			buildRules = (
			);
			dependencies = (
			);
			name = IOKitTest;
			productName = IOKitTest;
			productReference = 18A7A91C1E129E02008A2D98 /* IOKitTest.kext */;
			productType = "com.apple.product-type.kernel-extension";
		};
/* End PBXNativeTarget section */

/* Begin PBXProject section */
		18A7A9131E129E02008A2D98 /* Project object */ = {
			isa = PBXProject;
			attributes = {
				LastUpgradeCheck = 0810;
				ORGANIZATIONNAME = U_M_SunShine;
				TargetAttributes = {
					18A7A91B1E129E02008A2D98 = {
						CreatedOnToolsVersion = 8.1;
						DevelopmentTeam = H4FB2BVZN2;
						ProvisioningStyle = Automatic;
					};
				};
			};
			buildConfigurationList = 18A7A9161E129E02008A2D98 /* Build configuration list for PBXProject "IOKitTest" */;
			compatibilityVersion = "Xcode 3.2";
			developmentRegion = English;
			hasScannedForEncodings = 0;
			knownRegions = (
				en,
			);
			mainGroup = 18A7A9121E129E02008A2D98;
			productRefGroup = 18A7A91D1E129E02008A2D98 /* Products */;
			projectDirPath = "";
			projectRoot = "";
			targets = (
				18A7A91B1E129E02008A2D98 /* IOKitTest */,
			);
		};
/* End PBXProject section */

/* Begin PBXResourcesBuildPhase section */
		18A7A91A1E129E02008A2D98 /* Resources */ = {
			isa = PBXResourcesBuildPhase;
			buildActionMask = 2147483647;
			files = (
			);
			runOnlyForDeploymentPostprocessing = 0;
		};
/* End PBXResourcesBuildPhase section */

/* Begin PBXSourcesBuildPhase section */
		18A7A9171E129E02008A2D98 /* Sources */ = {
			isa = PBXSourcesBuildPhase;
			buildActionMask = 2147483647;
			files = (
				18A7A92B1E129F03008A2D98 /* IOKitTest.cpp in Sources */,
			);
			runOnlyForDeploymentPostprocessing = 0;
		};
/* End PBXSourcesBuildPhase section */

/* Begin XCBuildConfiguration section */
		18A7A9241E129E02008A2D98 /* Debug */ = {
			isa = XCBuildConfiguration;
			buildSettings = {
				ALWAYS_SEARCH_USER_PATHS = NO;
				CLANG_ANALYZER_NONNULL = YES;
				CLANG_CXX_LANGUAGE_STANDARD = "gnu++0x";
				CLANG_CXX_LIBRARY = "libc++";
				CLANG_ENABLE_MODULES = YES;
				CLANG_ENABLE_OBJC_ARC = YES;
				CLANG_WARN_BOOL_CONVERSION = YES;
				CLANG_WARN_CONSTANT_CONVERSION = YES;
				CLANG_WARN_DIRECT_OBJC_ISA_USAGE = YES_ERROR;
				CLANG_WARN_DOCUMENTATION_COMMENTS = YES;
				CLANG_WARN_EMPTY_BODY = YES;
				CLANG_WARN_ENUM_CONVERSION = YES;
				CLANG_WARN_INFINITE_RECURSION = YES;
				CLANG_WARN_INT_CONVERSION = YES;
				CLANG_WARN_OBJC_ROOT_CLASS = YES_ERROR;
				CLANG_WARN_SUSPICIOUS_MOVES = YES;
				CLANG_WARN_UNREACHABLE_CODE = YES;
				CLANG_WARN__DUPLICATE_METHOD_MATCH = YES;
				CODE_SIGN_IDENTITY = "-";
				COPY_PHASE_STRIP = NO;
				DEBUG_INFORMATION_FORMAT = dwarf;
				ENABLE_STRICT_OBJC_MSGSEND = YES;
				ENABLE_TESTABILITY = YES;
				GCC_C_LANGUAGE_STANDARD = gnu99;
				GCC_DYNAMIC_NO_PIC = NO;
				GCC_NO_COMMON_BLOCKS = YES;
				GCC_OPTIMIZATION_LEVEL = 0;
				GCC_PREPROCESSOR_DEFINITIONS = (
					"DEBUG=1",
					"$(inherited)",
				);
				GCC_WARN_64_TO_32_BIT_CONVERSION = YES;
				GCC_WARN_ABOUT_RETURN_TYPE = YES_ERROR;
				GCC_WARN_UNDECLARED_SELECTOR = YES;
				GCC_WARN_UNINITIALIZED_AUTOS = YES_AGGRESSIVE;
				GCC_WARN_UNUSED_FUNCTION = YES;
				GCC_WARN_UNUSED_VARIABLE = YES;
				MACOSX_DEPLOYMENT_TARGET = 10.12;
				MTL_ENABLE_DEBUG_INFO = YES;
				ONLY_ACTIVE_ARCH = YES;
				SDKROOT = macosx;
			};
			name = Debug;
		};
		18A7A9251E129E02008A2D98 /* Release */ = {
			isa = XCBuildConfiguration;
			buildSettings = {
				ALWAYS_SEARCH_USER_PATHS = NO;
				CLANG_ANALYZER_NONNULL = YES;
				CLANG_CXX_LANGUAGE_STANDARD = "gnu++0x";
				CLANG_CXX_LIBRARY = "libc++";
				CLANG_ENABLE_MODULES = YES;
				CLANG_ENABLE_OBJC_ARC = YES;
				CLANG_WARN_BOOL_CONVERSION = YES;
				CLANG_WARN_CONSTANT_CONVERSION = YES;
				CLANG_WARN_DIRECT_OBJC_ISA_USAGE = YES_ERROR;
				CLANG_WARN_DOCUMENTATION_COMMENTS = YES;
				CLANG_WARN_EMPTY_BODY = YES;
				CLANG_WARN_ENUM_CONVERSION = YES;
				CLANG_WARN_INFINITE_RECURSION = YES;
				CLANG_WARN_INT_CONVERSION = YES;
				CLANG_WARN_OBJC_ROOT_CLASS = YES_ERROR;
				CLANG_WARN_SUSPICIOUS_MOVES = YES;
				CLANG_WARN_UNREACHABLE_CODE = YES;
				CLANG_WARN__DUPLICATE_METHOD_MATCH = YES;
				CODE_SIGN_IDENTITY = "-";
				COPY_PHASE_STRIP = NO;
				DEBUG_INFORMATION_FORMAT = "dwarf-with-dsym";
				ENABLE_NS_ASSERTIONS = NO;
				ENABLE_STRICT_OBJC_MSGSEND = YES;
				GCC_C_LANGUAGE_STANDARD = gnu99;
				GCC_NO_COMMON_BLOCKS = YES;
				GCC_WARN_64_TO_32_BIT_CONVERSION = YES;
				GCC_WARN_ABOUT_RETURN_TYPE = YES_ERROR;
				GCC_WARN_UNDECLARED_SELECTOR = YES;
				GCC_WARN_UNINITIALIZED_AUTOS = YES_AGGRESSIVE;
				GCC_WARN_UNUSED_FUNCTION = YES;
				GCC_WARN_UNUSED_VARIABLE = YES;
				MACOSX_DEPLOYMENT_TARGET = 10.12;
				MTL_ENABLE_DEBUG_INFO = NO;
				SDKROOT = macosx;
			};
			name = Release;
		};
		18A7A9271E129E02008A2D98 /* Debug */ = {
			isa = XCBuildConfiguration;
			buildSettings = {
				COMBINE_HIDPI_IMAGES = YES;
				CURRENT_PROJECT_VERSION = 1.0.0d1;
				DEVELOPMENT_TEAM = H4FB2BVZN2;
				INFOPLIST_FILE = IOKitTest/Info.plist;
				MODULE_NAME = com.apple.driver.IOKitTest;
				MODULE_VERSION = 1.0.0d1;
				PRODUCT_BUNDLE_IDENTIFIER = com.apple.driver.IOKitTest;
				PRODUCT_NAME = "$(TARGET_NAME)";
				WRAPPER_EXTENSION = kext;
			};
			name = Debug;
		};
		18A7A9281E129E02008A2D98 /* Release */ = {
			isa = XCBuildConfiguration;
			buildSettings = {
				COMBINE_HIDPI_IMAGES = YES;
				CURRENT_PROJECT_VERSION = 1.0.0d1;
				DEVELOPMENT_TEAM = H4FB2BVZN2;
				INFOPLIST_FILE = IOKitTest/Info.plist;
				MODULE_NAME = com.apple.driver.IOKitTest;
				MODULE_VERSION = 1.0.0d1;
				PRODUCT_BUNDLE_IDENTIFIER = com.apple.driver.IOKitTest;
				PRODUCT_NAME = "$(TARGET_NAME)";
				WRAPPER_EXTENSION = kext;
			};
			name = Release;
		};
/* End XCBuildConfiguration section */

/* Begin XCConfigurationList section */
		18A7A9161E129E02008A2D98 /* Build configuration list for PBXProject "IOKitTest" */ = {
			isa = XCConfigurationList;
			buildConfigurations = (
				18A7A9241E129E02008A2D98 /* Debug */,
				18A7A9251E129E02008A2D98 /* Release */,
			);
			defaultConfigurationIsVisible = 0;
			defaultConfigurationName = Release;
		};
		18A7A9261E129E02008A2D98 /* Build configuration list for PBXNativeTarget "IOKitTest" */ = {
			isa = XCConfigurationList;
			buildConfigurations = (
				18A7A9271E129E02008A2D98 /* Debug */,
				18A7A9281E129E02008A2D98 /* Release */,
			);
			defaultConfigurationIsVisible = 0;
		};
/* End XCConfigurationList section */
	};
	rootObject = 18A7A9131E129E02008A2D98 /* Project object */;
}
